
Microsoft Visual Studio Solution File, Format Version 12.00
# Visual Studio Version 16
VisualStudioVersion = 16.0.33927.289
MinimumVisualStudioVersion = 10.0.40219.1
Project("{9A19103F-16F7-4668-BE54-9A1E7A4F7556}") = "GeorgeStefan", "GeorgeStefan\GeorgeStefan.csproj", "{97F3934C-38BB-4683-83FE-F6BAAB25234F}"
EndProject
Project("{9A19103F-16F7-4668-BE54-9A1E7A4F7556}") = "GeorgeStefan.DataModel", "GeorgeStefan.DataModel\GeorgeStefan.DataModel.csproj", "{429385AA-E6DD-4B04-BD49-8535380FE4B8}"
EndProject
Project("{9A19103F-16F7-4668-BE54-9A1E7A4F7556}") = "GeorgeStefan.Domain", "GeorgeStefan.Domain\GeorgeStefan.Domain.csproj", "{4EBF6A77-9199-4868-9838-8FDE2E3343D4}"
EndProject
Project("{9A19103F-16F7-4668-BE54-9A1E7A4F7556}") = "GeorgeStefan.Web", "GeorgeStefan.Web\GeorgeStefan.Web.csproj", "{EBB9F4DB-FD7C-422B-AE60-E8301747D1C1}"
EndProject
Global
	GlobalSection(SolutionConfigurationPlatforms) = preSolution
		Debug|Any CPU = Debug|Any CPU
		Release|Any CPU = Release|Any CPU
	EndGlobalSection
	GlobalSection(ProjectConfigurationPlatforms) = postSolution
		{97F3934C-38BB-4683-83FE-F6BAAB25234F}.Debug|Any CPU.ActiveCfg = Debug|Any CPU
		{97F3934C-38BB-4683-83FE-F6BAAB25234F}.Debug|Any CPU.Build.0 = Debug|Any CPU
		{97F3934C-38BB-4683-83FE-F6BAAB25234F}.Release|Any CPU.ActiveCfg = Release|Any CPU
		{97F3934C-38BB-4683-83FE-F6BAAB25234F}.Release|Any CPU.Build.0 = Release|Any CPU
		{429385AA-E6DD-4B04-BD49-8535380FE4B8}.Debug|Any CPU.ActiveCfg = Debug|Any CPU
		{429385AA-E6DD-4B04-BD49-8535380FE4B8}.Debug|Any CPU.Build.0 = Debug|Any CPU
		{429385AA-E6DD-4B04-BD49-8535380FE4B8}.Release|Any CPU.ActiveCfg = Release|Any CPU
		{429385AA-E6DD-4B04-BD49-8535380FE4B8}.Release|Any CPU.Build.0 = Release|Any CPU
		{4EBF6A77-9199-4868-9838-8FDE2E3343D4}.Debug|Any CPU.ActiveCfg = Debug|Any CPU
		{4EBF6A77-9199-4868-9838-8FDE2E3343D4}.Debug|Any CPU.Build.0 = Debug|Any CPU
		{4EBF6A77-9199-4868-9838-8FDE2E3343D4}.Release|Any CPU.ActiveCfg = Release|Any CPU
		{4EBF6A77-9199-4868-9838-8FDE2E3343D4}.Release|Any CPU.Build.0 = Release|Any CPU
		{EBB9F4DB-FD7C-422B-AE60-E8301747D1C1}.Debug|Any CPU.ActiveCfg = Debug|Any CPU
		{EBB9F4DB-FD7C-422B-AE60-E8301747D1C1}.Debug|Any CPU.Build.0 = Debug|Any CPU
		{EBB9F4DB-FD7C-422B-AE60-E8301747D1C1}.Release|Any CPU.ActiveCfg = Release|Any CPU
		{EBB9F4DB-FD7C-422B-AE60-E8301747D1C1}.Release|Any CPU.Build.0 = Release|Any CPU
	EndGlobalSection
	GlobalSection(SolutionProperties) = preSolution
		HideSolutionNode = FALSE
	EndGlobalSection
	GlobalSection(ExtensibilityGlobals) = postSolution
		SolutionGuid = {B18B291F-48BE-4020-9DD2-5AE0884AF636}
	EndGlobalSection
EndGlobal
